
Microsoft Visual Studio Solution File, Format Version 12.00
# Visual Studio Version 17
VisualStudioVersion = 17.10.34607.79
MinimumVisualStudioVersion = 10.0.40219.1
Project("{2150E333-8FDC-42A3-9474-1A3956D46DE8}") = "src", "src", "{183F5727-222F-4A1C-ABD6-61F7DE009A4A}"
EndProject
Project("{2150E333-8FDC-42A3-9474-1A3956D46DE8}") = "Product.Command", "Product.Command", "{99DE8A85-829B-4632-BE8D-59C3F85A72D5}"
EndProject
Project("{2150E333-8FDC-42A3-9474-1A3956D46DE8}") = "Product.Query", "Product.Query", "{40007132-6A9A-4CA7-9DBB-805CC419E5A8}"
EndProject
Project("{2150E333-8FDC-42A3-9474-1A3956D46DE8}") = "Product.Scripts", "Product.Scripts", "{7136BB73-9965-4CD4-9980-5315ECF97E22}"
	ProjectSection(SolutionItems) = preProject
		Services\Product\Product.Scripts\ProductDBScripts.sql = Services\Product\Product.Scripts\ProductDBScripts.sql
	EndProjectSection
EndProject
Project("{2150E333-8FDC-42A3-9474-1A3956D46DE8}") = "Services", "Services", "{2DC14345-071F-49E0-98C9-5657AD808F81}"
EndProject
Project("{2150E333-8FDC-42A3-9474-1A3956D46DE8}") = "Product", "Product", "{E4D0E079-1673-4FA6-869A-10CBFAA942E3}"
EndProject
Project("{9A19103F-16F7-4668-BE54-9A1E7A4F7556}") = "Application", "Services\Product\Product.Command\Application\Application.csproj", "{4D6C2AA5-FFED-4643-B322-94986ACEA467}"
EndProject
Project("{9A19103F-16F7-4668-BE54-9A1E7A4F7556}") = "Domain", "Services\Product\Product.Command\Domain\Domain.csproj", "{A47CCD2F-626E-465D-993D-0F8E679CE06C}"
EndProject
Project("{9A19103F-16F7-4668-BE54-9A1E7A4F7556}") = "Infrastructure", "Services\Product\Product.Command\Infrastructure\Infrastructure.csproj", "{86517478-5C41-46EE-BFDA-5E6F47E7F588}"
EndProject
Project("{9A19103F-16F7-4668-BE54-9A1E7A4F7556}") = "ProductAPI", "Services\Product\Product.Command\ProductAPI\ProductAPI.csproj", "{C550E992-C40D-4C00-AE6A-052FAEC20687}"
EndProject
Project("{9A19103F-16F7-4668-BE54-9A1E7A4F7556}") = "Application", "Services\Product\Product.Query\Applcation\Application.csproj", "{EBE4F944-EC1A-4A95-9FEB-C1E737D2C390}"
EndProject
Project("{9A19103F-16F7-4668-BE54-9A1E7A4F7556}") = "Domain", "Services\Product\Product.Query\Domain\Domain.csproj", "{5956AEF3-57B6-424C-9E0F-F6CE200FC73C}"
EndProject
Project("{9A19103F-16F7-4668-BE54-9A1E7A4F7556}") = "Infrastructure", "Services\Product\Product.Query\Infrastructure\Infrastructure.csproj", "{A48ADECF-ADBC-47CB-9B45-6755FD923E36}"
EndProject
Project("{9A19103F-16F7-4668-BE54-9A1E7A4F7556}") = "ProductAPI", "Services\Product\Product.Query\ProductAPI\ProductAPI.csproj", "{3E11ABEF-37B9-4482-99DE-9D4C6570B381}"
EndProject
Global
	GlobalSection(SolutionConfigurationPlatforms) = preSolution
		Debug|Any CPU = Debug|Any CPU
		Release|Any CPU = Release|Any CPU
	EndGlobalSection
	GlobalSection(ProjectConfigurationPlatforms) = postSolution
		{4D6C2AA5-FFED-4643-B322-94986ACEA467}.Debug|Any CPU.ActiveCfg = Debug|Any CPU
		{4D6C2AA5-FFED-4643-B322-94986ACEA467}.Debug|Any CPU.Build.0 = Debug|Any CPU
		{4D6C2AA5-FFED-4643-B322-94986ACEA467}.Release|Any CPU.ActiveCfg = Release|Any CPU
		{4D6C2AA5-FFED-4643-B322-94986ACEA467}.Release|Any CPU.Build.0 = Release|Any CPU
		{A47CCD2F-626E-465D-993D-0F8E679CE06C}.Debug|Any CPU.ActiveCfg = Debug|Any CPU
		{A47CCD2F-626E-465D-993D-0F8E679CE06C}.Debug|Any CPU.Build.0 = Debug|Any CPU
		{A47CCD2F-626E-465D-993D-0F8E679CE06C}.Release|Any CPU.ActiveCfg = Release|Any CPU
		{A47CCD2F-626E-465D-993D-0F8E679CE06C}.Release|Any CPU.Build.0 = Release|Any CPU
		{86517478-5C41-46EE-BFDA-5E6F47E7F588}.Debug|Any CPU.ActiveCfg = Debug|Any CPU
		{86517478-5C41-46EE-BFDA-5E6F47E7F588}.Debug|Any CPU.Build.0 = Debug|Any CPU
		{86517478-5C41-46EE-BFDA-5E6F47E7F588}.Release|Any CPU.ActiveCfg = Release|Any CPU
		{86517478-5C41-46EE-BFDA-5E6F47E7F588}.Release|Any CPU.Build.0 = Release|Any CPU
		{C550E992-C40D-4C00-AE6A-052FAEC20687}.Debug|Any CPU.ActiveCfg = Debug|Any CPU
		{C550E992-C40D-4C00-AE6A-052FAEC20687}.Debug|Any CPU.Build.0 = Debug|Any CPU
		{C550E992-C40D-4C00-AE6A-052FAEC20687}.Release|Any CPU.ActiveCfg = Release|Any CPU
		{C550E992-C40D-4C00-AE6A-052FAEC20687}.Release|Any CPU.Build.0 = Release|Any CPU
		{EBE4F944-EC1A-4A95-9FEB-C1E737D2C390}.Debug|Any CPU.ActiveCfg = Debug|Any CPU
		{EBE4F944-EC1A-4A95-9FEB-C1E737D2C390}.Debug|Any CPU.Build.0 = Debug|Any CPU
		{EBE4F944-EC1A-4A95-9FEB-C1E737D2C390}.Release|Any CPU.ActiveCfg = Release|Any CPU
		{EBE4F944-EC1A-4A95-9FEB-C1E737D2C390}.Release|Any CPU.Build.0 = Release|Any CPU
		{5956AEF3-57B6-424C-9E0F-F6CE200FC73C}.Debug|Any CPU.ActiveCfg = Debug|Any CPU
		{5956AEF3-57B6-424C-9E0F-F6CE200FC73C}.Debug|Any CPU.Build.0 = Debug|Any CPU
		{5956AEF3-57B6-424C-9E0F-F6CE200FC73C}.Release|Any CPU.ActiveCfg = Release|Any CPU
		{5956AEF3-57B6-424C-9E0F-F6CE200FC73C}.Release|Any CPU.Build.0 = Release|Any CPU
		{A48ADECF-ADBC-47CB-9B45-6755FD923E36}.Debug|Any CPU.ActiveCfg = Debug|Any CPU
		{A48ADECF-ADBC-47CB-9B45-6755FD923E36}.Debug|Any CPU.Build.0 = Debug|Any CPU
		{A48ADECF-ADBC-47CB-9B45-6755FD923E36}.Release|Any CPU.ActiveCfg = Release|Any CPU
		{A48ADECF-ADBC-47CB-9B45-6755FD923E36}.Release|Any CPU.Build.0 = Release|Any CPU
		{3E11ABEF-37B9-4482-99DE-9D4C6570B381}.Debug|Any CPU.ActiveCfg = Debug|Any CPU
		{3E11ABEF-37B9-4482-99DE-9D4C6570B381}.Debug|Any CPU.Build.0 = Debug|Any CPU
		{3E11ABEF-37B9-4482-99DE-9D4C6570B381}.Release|Any CPU.ActiveCfg = Release|Any CPU
		{3E11ABEF-37B9-4482-99DE-9D4C6570B381}.Release|Any CPU.Build.0 = Release|Any CPU
	EndGlobalSection
	GlobalSection(SolutionProperties) = preSolution
		HideSolutionNode = FALSE
	EndGlobalSection
	GlobalSection(NestedProjects) = preSolution
		{99DE8A85-829B-4632-BE8D-59C3F85A72D5} = {E4D0E079-1673-4FA6-869A-10CBFAA942E3}
		{40007132-6A9A-4CA7-9DBB-805CC419E5A8} = {E4D0E079-1673-4FA6-869A-10CBFAA942E3}
		{7136BB73-9965-4CD4-9980-5315ECF97E22} = {E4D0E079-1673-4FA6-869A-10CBFAA942E3}
		{2DC14345-071F-49E0-98C9-5657AD808F81} = {183F5727-222F-4A1C-ABD6-61F7DE009A4A}
		{E4D0E079-1673-4FA6-869A-10CBFAA942E3} = {2DC14345-071F-49E0-98C9-5657AD808F81}
		{4D6C2AA5-FFED-4643-B322-94986ACEA467} = {99DE8A85-829B-4632-BE8D-59C3F85A72D5}
		{A47CCD2F-626E-465D-993D-0F8E679CE06C} = {99DE8A85-829B-4632-BE8D-59C3F85A72D5}
		{86517478-5C41-46EE-BFDA-5E6F47E7F588} = {99DE8A85-829B-4632-BE8D-59C3F85A72D5}
		{C550E992-C40D-4C00-AE6A-052FAEC20687} = {99DE8A85-829B-4632-BE8D-59C3F85A72D5}
		{EBE4F944-EC1A-4A95-9FEB-C1E737D2C390} = {40007132-6A9A-4CA7-9DBB-805CC419E5A8}
		{5956AEF3-57B6-424C-9E0F-F6CE200FC73C} = {40007132-6A9A-4CA7-9DBB-805CC419E5A8}
		{A48ADECF-ADBC-47CB-9B45-6755FD923E36} = {40007132-6A9A-4CA7-9DBB-805CC419E5A8}
		{3E11ABEF-37B9-4482-99DE-9D4C6570B381} = {40007132-6A9A-4CA7-9DBB-805CC419E5A8}
	EndGlobalSection
	GlobalSection(ExtensibilityGlobals) = postSolution
		SolutionGuid = {14DA3339-8723-4B73-B3E8-A80887764B5C}
	EndGlobalSection
EndGlobal
